
Microsoft Visual Studio Solution File, Format Version 12.00
# Visual Studio Version 17
VisualStudioVersion = 17.14.36811.4 d17.14
MinimumVisualStudioVersion = 10.0.40219.1
Project("{FAE04EC0-301F-11D3-BF4B-00C04F79EFBC}") = "Server", "Server\Server.csproj", "{E1E42950-A598-46A2-AAFF-CA30BD22CB69}"
EndProject
Project("{FAE04EC0-301F-11D3-BF4B-00C04F79EFBC}") = "ServerCore", "ServerCore\ServerCore.csproj", "{567DB155-621E-4406-893B-39266D1F89A2}"
EndProject
Project("{FAE04EC0-301F-11D3-BF4B-00C04F79EFBC}") = "DummyClient", "DummyClient\DummyClient.csproj", "{36B57132-1B4C-4781-8913-6C167248FCD1}"
EndProject
Global
	GlobalSection(SolutionConfigurationPlatforms) = preSolution
		Debug|Any CPU = Debug|Any CPU
		Release|Any CPU = Release|Any CPU
	EndGlobalSection
	GlobalSection(ProjectConfigurationPlatforms) = postSolution
		{E1E42950-A598-46A2-AAFF-CA30BD22CB69}.Debug|Any CPU.ActiveCfg = Debug|Any CPU
		{E1E42950-A598-46A2-AAFF-CA30BD22CB69}.Debug|Any CPU.Build.0 = Debug|Any CPU
		{E1E42950-A598-46A2-AAFF-CA30BD22CB69}.Release|Any CPU.ActiveCfg = Release|Any CPU
		{E1E42950-A598-46A2-AAFF-CA30BD22CB69}.Release|Any CPU.Build.0 = Release|Any CPU
		{567DB155-621E-4406-893B-39266D1F89A2}.Debug|Any CPU.ActiveCfg = Debug|Any CPU
		{567DB155-621E-4406-893B-39266D1F89A2}.Debug|Any CPU.Build.0 = Debug|Any CPU
		{567DB155-621E-4406-893B-39266D1F89A2}.Release|Any CPU.ActiveCfg = Release|Any CPU
		{567DB155-621E-4406-893B-39266D1F89A2}.Release|Any CPU.Build.0 = Release|Any CPU
		{36B57132-1B4C-4781-8913-6C167248FCD1}.Debug|Any CPU.ActiveCfg = Debug|Any CPU
		{36B57132-1B4C-4781-8913-6C167248FCD1}.Debug|Any CPU.Build.0 = Debug|Any CPU
		{36B57132-1B4C-4781-8913-6C167248FCD1}.Release|Any CPU.ActiveCfg = Release|Any CPU
		{36B57132-1B4C-4781-8913-6C167248FCD1}.Release|Any CPU.Build.0 = Release|Any CPU
	EndGlobalSection
	GlobalSection(SolutionProperties) = preSolution
		HideSolutionNode = FALSE
	EndGlobalSection
	GlobalSection(ExtensibilityGlobals) = postSolution
		SolutionGuid = {DE2EA706-20A5-469D-8BC2-A00869C5A7A5}
	EndGlobalSection
EndGlobal
